
Microsoft Visual Studio Solution File, Format Version 12.00
# Visual Studio 15
VisualStudioVersion = 15.0.27130.2027
MinimumVisualStudioVersion = 10.0.40219.1
Project("{9A19103F-16F7-4668-BE54-9A1E7A4F7556}") = "Blog.Web", "Blog.Web\Blog.Web.csproj", "{5CA8FFAF-B64A-405A-9B4B-CBFC2E32A530}"
EndProject
Project("{9A19103F-16F7-4668-BE54-9A1E7A4F7556}") = "Blog.Data", "Blog.Data\Blog.Data.csproj", "{99DEA1EE-F95A-4269-BE95-8C27DC2721B6}"
EndProject
Project("{FAE04EC0-301F-11D3-BF4B-00C04F79EFBC}") = "Blog.BehaviourTest", "Blog.BehaviourTest\Blog.BehaviourTest.csproj", "{1AB6FF1C-D656-4233-85BB-F31535BF73A0}"
EndProject
Project("{9A19103F-16F7-4668-BE54-9A1E7A4F7556}") = "Blog.Test", "Blog.Test\Blog.Test.csproj", "{86EFD6D8-6E69-47A1-9310-619C5775C519}"
EndProject
Global
	GlobalSection(SolutionConfigurationPlatforms) = preSolution
		Debug|Any CPU = Debug|Any CPU
		Release|Any CPU = Release|Any CPU
	EndGlobalSection
	GlobalSection(ProjectConfigurationPlatforms) = postSolution
		{5CA8FFAF-B64A-405A-9B4B-CBFC2E32A530}.Debug|Any CPU.ActiveCfg = Debug|Any CPU
		{5CA8FFAF-B64A-405A-9B4B-CBFC2E32A530}.Debug|Any CPU.Build.0 = Debug|Any CPU
		{5CA8FFAF-B64A-405A-9B4B-CBFC2E32A530}.Release|Any CPU.ActiveCfg = Release|Any CPU
		{5CA8FFAF-B64A-405A-9B4B-CBFC2E32A530}.Release|Any CPU.Build.0 = Release|Any CPU
		{99DEA1EE-F95A-4269-BE95-8C27DC2721B6}.Debug|Any CPU.ActiveCfg = Debug|Any CPU
		{99DEA1EE-F95A-4269-BE95-8C27DC2721B6}.Debug|Any CPU.Build.0 = Debug|Any CPU
		{99DEA1EE-F95A-4269-BE95-8C27DC2721B6}.Release|Any CPU.ActiveCfg = Release|Any CPU
		{99DEA1EE-F95A-4269-BE95-8C27DC2721B6}.Release|Any CPU.Build.0 = Release|Any CPU
		{1AB6FF1C-D656-4233-85BB-F31535BF73A0}.Debug|Any CPU.ActiveCfg = Debug|Any CPU
		{1AB6FF1C-D656-4233-85BB-F31535BF73A0}.Debug|Any CPU.Build.0 = Debug|Any CPU
		{1AB6FF1C-D656-4233-85BB-F31535BF73A0}.Release|Any CPU.ActiveCfg = Release|Any CPU
		{1AB6FF1C-D656-4233-85BB-F31535BF73A0}.Release|Any CPU.Build.0 = Release|Any CPU
		{86EFD6D8-6E69-47A1-9310-619C5775C519}.Debug|Any CPU.ActiveCfg = Debug|Any CPU
		{86EFD6D8-6E69-47A1-9310-619C5775C519}.Debug|Any CPU.Build.0 = Debug|Any CPU
		{86EFD6D8-6E69-47A1-9310-619C5775C519}.Release|Any CPU.ActiveCfg = Release|Any CPU
		{86EFD6D8-6E69-47A1-9310-619C5775C519}.Release|Any CPU.Build.0 = Release|Any CPU
	EndGlobalSection
	GlobalSection(SolutionProperties) = preSolution
		HideSolutionNode = FALSE
	EndGlobalSection
	GlobalSection(ExtensibilityGlobals) = postSolution
		SolutionGuid = {C941739C-5EE0-42CA-8EE1-21768700CB3E}
	EndGlobalSection
EndGlobal
